
Microsoft Visual Studio Solution File, Format Version 12.00
# Visual Studio Version 17
VisualStudioVersion = 17.9.34728.123
MinimumVisualStudioVersion = 10.0.40219.1
Project("{FAE04EC0-301F-11D3-BF4B-00C04F79EFBC}") = "ROIMobileFinal", "ROIMobileFinal.csproj", "{F91B58FE-FCD2-4AE8-9428-80BC869A55EF}"
EndProject
Global
	GlobalSection(SolutionConfigurationPlatforms) = preSolution
		Debug|Any CPU = Debug|Any CPU
		Release|Any CPU = Release|Any CPU
	EndGlobalSection
	GlobalSection(ProjectConfigurationPlatforms) = postSolution
		{F91B58FE-FCD2-4AE8-9428-80BC869A55EF}.Debug|Any CPU.ActiveCfg = Debug|Any CPU
		{F91B58FE-FCD2-4AE8-9428-80BC869A55EF}.Debug|Any CPU.Build.0 = Debug|Any CPU
		{F91B58FE-FCD2-4AE8-9428-80BC869A55EF}.Debug|Any CPU.Deploy.0 = Debug|Any CPU
		{F91B58FE-FCD2-4AE8-9428-80BC869A55EF}.Release|Any CPU.ActiveCfg = Release|Any CPU
		{F91B58FE-FCD2-4AE8-9428-80BC869A55EF}.Release|Any CPU.Build.0 = Release|Any CPU
		{F91B58FE-FCD2-4AE8-9428-80BC869A55EF}.Release|Any CPU.Deploy.0 = Release|Any CPU
	EndGlobalSection
	GlobalSection(SolutionProperties) = preSolution
		HideSolutionNode = FALSE
	EndGlobalSection
	GlobalSection(ExtensibilityGlobals) = postSolution
		SolutionGuid = {9822E27D-E3CA-47FC-8B81-AD78A8B46F30}
	EndGlobalSection
EndGlobal
